{
  "requires": true,
  "lockfileVersion": 1,
  "dependencies": {
    "esbuild": {
      "version": "0.11.5",
      "resolved": "https://registry.npmjs.org/esbuild/-/esbuild-0.11.5.tgz",
      "integrity": "sha512-aRs6jAE+bVRp1tyfzUugAw1T/Y0Fwzp4Z2ROikF3h+UifoD5QlEbEYQGc6orNnnSIRhWR5VWBH7LozlAumaLHg=="
    }
  }
}
